# THIS IS AN AUTOGENERATED FILE. DO NOT EDIT THIS FILE DIRECTLY.
# yarn lockfile v1


"@types/extsprintf@^1.4.1":
  version "1.4.1"
  resolved "https://registry.npm.taobao.org/@types/extsprintf/download/@types/extsprintf-1.4.1.tgz#dae1429edd14b05508f0d3645998948ada41bc89"
  integrity sha1-2uFCnt0UsFUI8NNkWZiUitpBvIk=

"@types/node@^12.0.12":
  version "12.0.12"
  resolved "https://registry.npm.taobao.org/@types/node/download/@types/node-12.0.12.tgz#cc791b402360db1eaf7176479072f91ee6c6c7ca"
  integrity sha1-zHkbQCNg2x6vcXZHkHL5HubGx8o=

ansiterm@~1.1.0:
  version "1.1.0"
  resolved "https://registry.npm.taobao.org/ansiterm/download/ansiterm-1.1.0.tgz#a666a404ee142c77da11e85da5b020c2e4ec94bd"
  integrity sha1-pmakBO4ULHfaEehdpbAgwuTslL0=
  dependencies:
    assert-plus "1.0.0"
    jsprim "1.4.0"
    safer-buffer "2.1.2"

assert-plus@1.0.0:
  version "1.0.0"
  resolved "https://registry.npm.taobao.org/assert-plus/download/assert-plus-1.0.0.tgz#f12e0f3c5d77b0b1cdd9146942e4e96c1e4dd525"
  integrity sha1-8S4PPF13sLHN2RRpQuTpbB5N1SU=

extsprintf@1.0.2:
  version "1.0.2"
  resolved "https://registry.npm.taobao.org/extsprintf/download/extsprintf-1.0.2.tgz#e1080e0658e300b06294990cc70e1502235fd550"
  integrity sha1-4QgOBljjALBilJkMxw4VAiNf1VA=

extsprintf@~1.4.0:
  version "1.4.0"
  resolved "https://registry.npm.taobao.org/extsprintf/download/extsprintf-1.4.0.tgz#e2689f8f356fad62cca65a3a91c5df5f9551692f"
  integrity sha1-4mifjzVvrWLMplo6kcXfX5VRaS8=

json-schema@0.2.3:
  version "0.2.3"
  resolved "https://registry.npm.taobao.org/json-schema/download/json-schema-0.2.3.tgz#b480c892e59a2f05954ce727bd3f2a4e882f9e13"
  integrity sha1-tIDIkuWaLwWVTOcnvT8qTogvnhM=

jsprim@1.4.0:
  version "1.4.0"
  resolved "https://registry.npm.taobao.org/jsprim/download/jsprim-1.4.0.tgz#a3b87e40298d8c380552d8cc7628a0bb95a22918"
  integrity sha1-o7h+QCmNjDgFUtjMdiigu5WiKRg=
  dependencies:
    assert-plus "1.0.0"
    extsprintf "1.0.2"
    json-schema "0.2.3"
    verror "1.3.6"

safer-buffer@2.1.2:
  version "2.1.2"
  resolved "https://registry.npm.taobao.org/safer-buffer/download/safer-buffer-2.1.2.tgz?cache=0&other_urls=https%3A%2F%2Fregistry.npm.taobao.org%2Fsafer-buffer%2Fdownload%2Fsafer-buffer-2.1.2.tgz#44fa161b0187b9549dd84bb91802f9bd8385cd6a"
  integrity sha1-RPoWGwGHuVSd2Eu5GAL5vYOFzWo=

verror@1.3.6:
  version "1.3.6"
  resolved "https://registry.npm.taobao.org/verror/download/verror-1.3.6.tgz#cff5df12946d297d2baaefaa2689e25be01c005c"
  integrity sha1-z/XfEpRtKX0rqu+qJoniW+AcAFw=
  dependencies:
    extsprintf "1.0.2"
